
Microsoft Visual Studio Solution File, Format Version 12.00
# Visual Studio Version 17
VisualStudioVersion = 17.10.35013.160
MinimumVisualStudioVersion = 10.0.40219.1
Project("{9A19103F-16F7-4668-BE54-9A1E7A4F7556}") = "소수 만들기", "소수 만들기\소수 만들기.csproj", "{A110266F-A0AC-4FFF-A2D5-4FC8D3FF7C79}"
EndProject
Project("{9A19103F-16F7-4668-BE54-9A1E7A4F7556}") = "점 찍기", "점 찍기\점 찍기.csproj", "{9AB1C900-1A2B-4083-B5E0-A40AEEA60D6C}"
EndProject
Project("{9A19103F-16F7-4668-BE54-9A1E7A4F7556}") = "숫자 짝꿍", "숫자 짝꿍\숫자 짝꿍.csproj", "{919C2AEE-5722-4814-9613-FFA8F9CDA1EA}"
EndProject
Project("{9A19103F-16F7-4668-BE54-9A1E7A4F7556}") = "타겟 넘버", "타겟 넘버\타겟 넘버.csproj", "{B7F52527-5EC7-45A5-AA4E-85AD2C9B2CA1}"
EndProject
Project("{9A19103F-16F7-4668-BE54-9A1E7A4F7556}") = "혼자 놀기의 달인", "혼자 놀기의 달인\혼자 놀기의 달인.csproj", "{A37ED3A8-58DE-4CC9-A0A7-D3BCD96DC55E}"
EndProject
Project("{9A19103F-16F7-4668-BE54-9A1E7A4F7556}") = "금과 은 운반하기", "금과 은 운반하기\금과 은 운반하기.csproj", "{920C3DBB-64C5-4B32-8CD8-3B400754BC82}"
EndProject
Project("{9A19103F-16F7-4668-BE54-9A1E7A4F7556}") = "올바른 괄호의 갯수", "올바른 괄호의 갯수\올바른 괄호의 갯수.csproj", "{AF1EC1F8-763C-4D9D-A699-D167703C3483}"
EndProject
Project("{9A19103F-16F7-4668-BE54-9A1E7A4F7556}") = "미로 탈출", "미로 탈출\미로 탈출.csproj", "{7E7E784F-AB75-426A-A815-8DC1412BF992}"
EndProject
Project("{FAE04EC0-301F-11D3-BF4B-00C04F79EFBC}") = "게임 맵 탐색", "게임 맵 탐색\게임 맵 탐색.csproj", "{6C5C457B-A4AD-48D7-9288-D66E8AB2F0D9}"
EndProject
Global
	GlobalSection(SolutionConfigurationPlatforms) = preSolution
		Debug|Any CPU = Debug|Any CPU
		Release|Any CPU = Release|Any CPU
	EndGlobalSection
	GlobalSection(ProjectConfigurationPlatforms) = postSolution
		{A110266F-A0AC-4FFF-A2D5-4FC8D3FF7C79}.Debug|Any CPU.ActiveCfg = Debug|Any CPU
		{A110266F-A0AC-4FFF-A2D5-4FC8D3FF7C79}.Debug|Any CPU.Build.0 = Debug|Any CPU
		{A110266F-A0AC-4FFF-A2D5-4FC8D3FF7C79}.Release|Any CPU.ActiveCfg = Release|Any CPU
		{A110266F-A0AC-4FFF-A2D5-4FC8D3FF7C79}.Release|Any CPU.Build.0 = Release|Any CPU
		{9AB1C900-1A2B-4083-B5E0-A40AEEA60D6C}.Debug|Any CPU.ActiveCfg = Debug|Any CPU
		{9AB1C900-1A2B-4083-B5E0-A40AEEA60D6C}.Debug|Any CPU.Build.0 = Debug|Any CPU
		{9AB1C900-1A2B-4083-B5E0-A40AEEA60D6C}.Release|Any CPU.ActiveCfg = Release|Any CPU
		{9AB1C900-1A2B-4083-B5E0-A40AEEA60D6C}.Release|Any CPU.Build.0 = Release|Any CPU
		{919C2AEE-5722-4814-9613-FFA8F9CDA1EA}.Debug|Any CPU.ActiveCfg = Debug|Any CPU
		{919C2AEE-5722-4814-9613-FFA8F9CDA1EA}.Debug|Any CPU.Build.0 = Debug|Any CPU
		{919C2AEE-5722-4814-9613-FFA8F9CDA1EA}.Release|Any CPU.ActiveCfg = Release|Any CPU
		{919C2AEE-5722-4814-9613-FFA8F9CDA1EA}.Release|Any CPU.Build.0 = Release|Any CPU
		{B7F52527-5EC7-45A5-AA4E-85AD2C9B2CA1}.Debug|Any CPU.ActiveCfg = Debug|Any CPU
		{B7F52527-5EC7-45A5-AA4E-85AD2C9B2CA1}.Debug|Any CPU.Build.0 = Debug|Any CPU
		{B7F52527-5EC7-45A5-AA4E-85AD2C9B2CA1}.Release|Any CPU.ActiveCfg = Release|Any CPU
		{B7F52527-5EC7-45A5-AA4E-85AD2C9B2CA1}.Release|Any CPU.Build.0 = Release|Any CPU
		{A37ED3A8-58DE-4CC9-A0A7-D3BCD96DC55E}.Debug|Any CPU.ActiveCfg = Debug|Any CPU
		{A37ED3A8-58DE-4CC9-A0A7-D3BCD96DC55E}.Debug|Any CPU.Build.0 = Debug|Any CPU
		{A37ED3A8-58DE-4CC9-A0A7-D3BCD96DC55E}.Release|Any CPU.ActiveCfg = Release|Any CPU
		{A37ED3A8-58DE-4CC9-A0A7-D3BCD96DC55E}.Release|Any CPU.Build.0 = Release|Any CPU
		{920C3DBB-64C5-4B32-8CD8-3B400754BC82}.Debug|Any CPU.ActiveCfg = Debug|Any CPU
		{920C3DBB-64C5-4B32-8CD8-3B400754BC82}.Debug|Any CPU.Build.0 = Debug|Any CPU
		{920C3DBB-64C5-4B32-8CD8-3B400754BC82}.Release|Any CPU.ActiveCfg = Release|Any CPU
		{920C3DBB-64C5-4B32-8CD8-3B400754BC82}.Release|Any CPU.Build.0 = Release|Any CPU
		{AF1EC1F8-763C-4D9D-A699-D167703C3483}.Debug|Any CPU.ActiveCfg = Debug|Any CPU
		{AF1EC1F8-763C-4D9D-A699-D167703C3483}.Debug|Any CPU.Build.0 = Debug|Any CPU
		{AF1EC1F8-763C-4D9D-A699-D167703C3483}.Release|Any CPU.ActiveCfg = Release|Any CPU
		{AF1EC1F8-763C-4D9D-A699-D167703C3483}.Release|Any CPU.Build.0 = Release|Any CPU
		{7E7E784F-AB75-426A-A815-8DC1412BF992}.Debug|Any CPU.ActiveCfg = Debug|Any CPU
		{7E7E784F-AB75-426A-A815-8DC1412BF992}.Debug|Any CPU.Build.0 = Debug|Any CPU
		{7E7E784F-AB75-426A-A815-8DC1412BF992}.Release|Any CPU.ActiveCfg = Release|Any CPU
		{7E7E784F-AB75-426A-A815-8DC1412BF992}.Release|Any CPU.Build.0 = Release|Any CPU
		{6C5C457B-A4AD-48D7-9288-D66E8AB2F0D9}.Debug|Any CPU.ActiveCfg = Debug|Any CPU
		{6C5C457B-A4AD-48D7-9288-D66E8AB2F0D9}.Debug|Any CPU.Build.0 = Debug|Any CPU
		{6C5C457B-A4AD-48D7-9288-D66E8AB2F0D9}.Release|Any CPU.ActiveCfg = Release|Any CPU
		{6C5C457B-A4AD-48D7-9288-D66E8AB2F0D9}.Release|Any CPU.Build.0 = Release|Any CPU
	EndGlobalSection
	GlobalSection(SolutionProperties) = preSolution
		HideSolutionNode = FALSE
	EndGlobalSection
	GlobalSection(ExtensibilityGlobals) = postSolution
		SolutionGuid = {14615C2A-A363-49FC-B971-F3C06A0D28C3}
	EndGlobalSection
EndGlobal
